
Microsoft Visual Studio Solution File, Format Version 12.00
Project("{2150E333-8FDC-42A3-9474-1A3956D46DE8}") = "src", "src", "{A7EAF31A-1362-413D-A577-C85810AE08A7}"
EndProject
Project("{FAE04EC0-301F-11D3-BF4B-00C04F79EFBC}") = "API", "API\API.csproj", "{7898C697-8B0A-49EF-A49B-DD736E3A7AAB}"
EndProject
Project("{FAE04EC0-301F-11D3-BF4B-00C04F79EFBC}") = "DLL", "DLL\DLL.csproj", "{2E36B9E7-9EEC-428C-A840-88A89AE14DE0}"
EndProject
Project("{FAE04EC0-301F-11D3-BF4B-00C04F79EFBC}") = "BLL", "BLL\BLL.csproj", "{4CE958DC-006C-4DA1-A0B0-994E8DF60424}"
EndProject
Project("{FAE04EC0-301F-11D3-BF4B-00C04F79EFBC}") = "Utility", "Utility\Utility.csproj", "{86BBB6FA-E15D-4514-95BD-034BB95D6B3B}"
EndProject
Global
	GlobalSection(SolutionConfigurationPlatforms) = preSolution
		Debug|Any CPU = Debug|Any CPU
		Release|Any CPU = Release|Any CPU
	EndGlobalSection
	GlobalSection(NestedProjects) = preSolution
		{7898C697-8B0A-49EF-A49B-DD736E3A7AAB} = {A7EAF31A-1362-413D-A577-C85810AE08A7}
		{2E36B9E7-9EEC-428C-A840-88A89AE14DE0} = {A7EAF31A-1362-413D-A577-C85810AE08A7}
		{4CE958DC-006C-4DA1-A0B0-994E8DF60424} = {A7EAF31A-1362-413D-A577-C85810AE08A7}
		{86BBB6FA-E15D-4514-95BD-034BB95D6B3B} = {A7EAF31A-1362-413D-A577-C85810AE08A7}
	EndGlobalSection
	GlobalSection(ProjectConfigurationPlatforms) = postSolution
		{7898C697-8B0A-49EF-A49B-DD736E3A7AAB}.Debug|Any CPU.ActiveCfg = Debug|Any CPU
		{7898C697-8B0A-49EF-A49B-DD736E3A7AAB}.Debug|Any CPU.Build.0 = Debug|Any CPU
		{7898C697-8B0A-49EF-A49B-DD736E3A7AAB}.Release|Any CPU.ActiveCfg = Release|Any CPU
		{7898C697-8B0A-49EF-A49B-DD736E3A7AAB}.Release|Any CPU.Build.0 = Release|Any CPU
		{2E36B9E7-9EEC-428C-A840-88A89AE14DE0}.Debug|Any CPU.ActiveCfg = Debug|Any CPU
		{2E36B9E7-9EEC-428C-A840-88A89AE14DE0}.Debug|Any CPU.Build.0 = Debug|Any CPU
		{2E36B9E7-9EEC-428C-A840-88A89AE14DE0}.Release|Any CPU.ActiveCfg = Release|Any CPU
		{2E36B9E7-9EEC-428C-A840-88A89AE14DE0}.Release|Any CPU.Build.0 = Release|Any CPU
		{4CE958DC-006C-4DA1-A0B0-994E8DF60424}.Debug|Any CPU.ActiveCfg = Debug|Any CPU
		{4CE958DC-006C-4DA1-A0B0-994E8DF60424}.Debug|Any CPU.Build.0 = Debug|Any CPU
		{4CE958DC-006C-4DA1-A0B0-994E8DF60424}.Release|Any CPU.ActiveCfg = Release|Any CPU
		{4CE958DC-006C-4DA1-A0B0-994E8DF60424}.Release|Any CPU.Build.0 = Release|Any CPU
		{86BBB6FA-E15D-4514-95BD-034BB95D6B3B}.Debug|Any CPU.ActiveCfg = Debug|Any CPU
		{86BBB6FA-E15D-4514-95BD-034BB95D6B3B}.Debug|Any CPU.Build.0 = Debug|Any CPU
		{86BBB6FA-E15D-4514-95BD-034BB95D6B3B}.Release|Any CPU.ActiveCfg = Release|Any CPU
		{86BBB6FA-E15D-4514-95BD-034BB95D6B3B}.Release|Any CPU.Build.0 = Release|Any CPU
	EndGlobalSection
EndGlobal
