
Microsoft Visual Studio Solution File, Format Version 12.00
Project("{2150E333-8FDC-42A3-9474-1A3956D46DE8}") = "src", "src", "{A7EAF31A-1362-413D-A577-C85810AE08A7}"
EndProject
Project("{FAE04EC0-301F-11D3-BF4B-00C04F79EFBC}") = "API", "API\API.csproj", "{7898C697-8B0A-49EF-A49B-DD736E3A7AAB}"
EndProject
Global
	GlobalSection(SolutionConfigurationPlatforms) = preSolution
		Debug|Any CPU = Debug|Any CPU
		Release|Any CPU = Release|Any CPU
	EndGlobalSection
	GlobalSection(NestedProjects) = preSolution
		{7898C697-8B0A-49EF-A49B-DD736E3A7AAB} = {A7EAF31A-1362-413D-A577-C85810AE08A7}
	EndGlobalSection
	GlobalSection(ProjectConfigurationPlatforms) = postSolution
		{7898C697-8B0A-49EF-A49B-DD736E3A7AAB}.Debug|Any CPU.ActiveCfg = Debug|Any CPU
		{7898C697-8B0A-49EF-A49B-DD736E3A7AAB}.Debug|Any CPU.Build.0 = Debug|Any CPU
		{7898C697-8B0A-49EF-A49B-DD736E3A7AAB}.Release|Any CPU.ActiveCfg = Release|Any CPU
		{7898C697-8B0A-49EF-A49B-DD736E3A7AAB}.Release|Any CPU.Build.0 = Release|Any CPU
	EndGlobalSection
EndGlobal
